// !$*UTF8*$!
{
	archiveVersion = 1;
	classes = {
	};
	objectVersion = 56;
	objects = {

/* Begin PBXBuildFile section */
		5E0781162C6E09F000D90835 /* Launch Screen.storyboard in Resources */ = {isa = PBXBuildFile; fileRef = 5E0781152C6E09F000D90835 /* Launch Screen.storyboard */; platformFilters = (ios, maccatalyst, ); };
		5E2F5C7D2C747938007E9B2D /* SettingsView.swift in Sources */ = {isa = PBXBuildFile; fileRef = 5E2F5C7C2C747938007E9B2D /* SettingsView.swift */; };
		5E2F5C842C7491DC007E9B2D /* Settings.bundle in Resources */ = {isa = PBXBuildFile; fileRef = 5E2F5C832C7491DC007E9B2D /* Settings.bundle */; };
		5E40B2392D817D5B00651E29 /* CenteredContainer.swift in Sources */ = {isa = PBXBuildFile; fileRef = 5E40B2382D817D5B00651E29 /* CenteredContainer.swift */; };
		5E4CFC762C74735C0020CA33 /* Settings.swift in Sources */ = {isa = PBXBuildFile; fileRef = 5E4CFC752C74735C0020CA33 /* Settings.swift */; };
		5E4FEAA02CD51AEA00630B38 /* AnimeDetailsViewModel.swift in Sources */ = {isa = PBXBuildFile; fileRef = 5E4FEA9F2CD51AEA00630B38 /* AnimeDetailsViewModel.swift */; };
		5E8C125A2C6F48AE001F3BB5 /* Seasons.swift in Sources */ = {isa = PBXBuildFile; fileRef = 5E8C12592C6F48AE001F3BB5 /* Seasons.swift */; };
		5E94A3902C64B814006DF865 /* AnimeListView.swift in Sources */ = {isa = PBXBuildFile; fileRef = 5E94A38F2C64B814006DF865 /* AnimeListView.swift */; };
		5E94A3942C64CAB0006DF865 /* Anime.swift in Sources */ = {isa = PBXBuildFile; fileRef = 5E94A3932C64CAB0006DF865 /* Anime.swift */; };
		5E94A3972C64CB78006DF865 /* NetworkManager.swift in Sources */ = {isa = PBXBuildFile; fileRef = 5E94A3962C64CB78006DF865 /* NetworkManager.swift */; };
		5E94A3992C64CC56006DF865 /* AnimeDetailsView.swift in Sources */ = {isa = PBXBuildFile; fileRef = 5E94A3982C64CC56006DF865 /* AnimeDetailsView.swift */; };
		5EE8F91B2C75DE490050E835 /* AnimeListView_macOS.swift in Sources */ = {isa = PBXBuildFile; fileRef = 5EE8F91A2C75DE490050E835 /* AnimeListView_macOS.swift */; };
		5EE8F9232C772C580050E835 /* AnimeListViewModel.swift in Sources */ = {isa = PBXBuildFile; fileRef = 5EE8F9222C772C580050E835 /* AnimeListViewModel.swift */; };
		5EF33CAE2CEC98FC0046D61D /* AnimeSearchView.swift in Sources */ = {isa = PBXBuildFile; fileRef = 5EF33CAD2CEC98FC0046D61D /* AnimeSearchView.swift */; };
		5EF33CB02CEC990A0046D61D /* AnimeSearchViewModel.swift in Sources */ = {isa = PBXBuildFile; fileRef = 5EF33CAF2CEC990A0046D61D /* AnimeSearchViewModel.swift */; };
		5EFE438E2C64A0D800163C60 /* StarnimeApp.swift in Sources */ = {isa = PBXBuildFile; fileRef = 5EFE438D2C64A0D800163C60 /* StarnimeApp.swift */; };
		5EFE43902C64A0D800163C60 /* ContentView.swift in Sources */ = {isa = PBXBuildFile; fileRef = 5EFE438F2C64A0D800163C60 /* ContentView.swift */; };
		5EFE43922C64A0D900163C60 /* Assets.xcassets in Resources */ = {isa = PBXBuildFile; fileRef = 5EFE43912C64A0D900163C60 /* Assets.xcassets */; };
		5EFE43962C64A0D900163C60 /* Preview Assets.xcassets in Resources */ = {isa = PBXBuildFile; fileRef = 5EFE43952C64A0D900163C60 /* Preview Assets.xcassets */; };
		5EFE43A02C64A0D900163C60 /* StarnimeTests.swift in Sources */ = {isa = PBXBuildFile; fileRef = 5EFE439F2C64A0D900163C60 /* StarnimeTests.swift */; };
		5EFE43AA2C64A0D900163C60 /* StarnimeUITests.swift in Sources */ = {isa = PBXBuildFile; fileRef = 5EFE43A92C64A0D900163C60 /* StarnimeUITests.swift */; };
		5EFE43AC2C64A0D900163C60 /* StarnimeUITestsLaunchTests.swift in Sources */ = {isa = PBXBuildFile; fileRef = 5EFE43AB2C64A0D900163C60 /* StarnimeUITestsLaunchTests.swift */; };
/* End PBXBuildFile section */

/* Begin PBXContainerItemProxy section */
		5EFE439C2C64A0D900163C60 /* PBXContainerItemProxy */ = {
			isa = PBXContainerItemProxy;
			containerPortal = 5EFE43822C64A0D800163C60 /* Project object */;
			proxyType = 1;
			remoteGlobalIDString = 5EFE43892C64A0D800163C60;
			remoteInfo = Starnime;
		};
		5EFE43A62C64A0D900163C60 /* PBXContainerItemProxy */ = {
			isa = PBXContainerItemProxy;
			containerPortal = 5EFE43822C64A0D800163C60 /* Project object */;
			proxyType = 1;
			remoteGlobalIDString = 5EFE43892C64A0D800163C60;
			remoteInfo = Starnime;
		};
/* End PBXContainerItemProxy section */

/* Begin PBXFileReference section */
		5E0781152C6E09F000D90835 /* Launch Screen.storyboard */ = {isa = PBXFileReference; lastKnownFileType = file.storyboard; path = "Launch Screen.storyboard"; sourceTree = "<group>"; };
		5E2F5C7C2C747938007E9B2D /* SettingsView.swift */ = {isa = PBXFileReference; lastKnownFileType = sourcecode.swift; path = SettingsView.swift; sourceTree = "<group>"; };
		5E2F5C832C7491DC007E9B2D /* Settings.bundle */ = {isa = PBXFileReference; lastKnownFileType = "wrapper.plug-in"; path = Settings.bundle; sourceTree = "<group>"; };
		5E40B2382D817D5B00651E29 /* CenteredContainer.swift */ = {isa = PBXFileReference; lastKnownFileType = sourcecode.swift; path = CenteredContainer.swift; sourceTree = "<group>"; };
		5E4CFC752C74735C0020CA33 /* Settings.swift */ = {isa = PBXFileReference; lastKnownFileType = sourcecode.swift; path = Settings.swift; sourceTree = "<group>"; };
		5E4FEA9F2CD51AEA00630B38 /* AnimeDetailsViewModel.swift */ = {isa = PBXFileReference; lastKnownFileType = sourcecode.swift; path = AnimeDetailsViewModel.swift; sourceTree = "<group>"; };
		5E8C12592C6F48AE001F3BB5 /* Seasons.swift */ = {isa = PBXFileReference; lastKnownFileType = sourcecode.swift; path = Seasons.swift; sourceTree = "<group>"; };
		5E94A38F2C64B814006DF865 /* AnimeListView.swift */ = {isa = PBXFileReference; lastKnownFileType = sourcecode.swift; path = AnimeListView.swift; sourceTree = "<group>"; };
		5E94A3932C64CAB0006DF865 /* Anime.swift */ = {isa = PBXFileReference; lastKnownFileType = sourcecode.swift; path = Anime.swift; sourceTree = "<group>"; };
		5E94A3962C64CB78006DF865 /* NetworkManager.swift */ = {isa = PBXFileReference; lastKnownFileType = sourcecode.swift; path = NetworkManager.swift; sourceTree = "<group>"; };
		5E94A3982C64CC56006DF865 /* AnimeDetailsView.swift */ = {isa = PBXFileReference; lastKnownFileType = sourcecode.swift; path = AnimeDetailsView.swift; sourceTree = "<group>"; };
		5EE8F91A2C75DE490050E835 /* AnimeListView_macOS.swift */ = {isa = PBXFileReference; lastKnownFileType = sourcecode.swift; path = AnimeListView_macOS.swift; sourceTree = "<group>"; };
		5EE8F9222C772C580050E835 /* AnimeListViewModel.swift */ = {isa = PBXFileReference; lastKnownFileType = sourcecode.swift; path = AnimeListViewModel.swift; sourceTree = "<group>"; };
		5EF33CAD2CEC98FC0046D61D /* AnimeSearchView.swift */ = {isa = PBXFileReference; lastKnownFileType = sourcecode.swift; path = AnimeSearchView.swift; sourceTree = "<group>"; };
		5EF33CAF2CEC990A0046D61D /* AnimeSearchViewModel.swift */ = {isa = PBXFileReference; lastKnownFileType = sourcecode.swift; path = AnimeSearchViewModel.swift; sourceTree = "<group>"; };
		5EFE438A2C64A0D800163C60 /* Starnime.app */ = {isa = PBXFileReference; explicitFileType = wrapper.application; includeInIndex = 0; path = Starnime.app; sourceTree = BUILT_PRODUCTS_DIR; };
		5EFE438D2C64A0D800163C60 /* StarnimeApp.swift */ = {isa = PBXFileReference; lastKnownFileType = sourcecode.swift; path = StarnimeApp.swift; sourceTree = "<group>"; };
		5EFE438F2C64A0D800163C60 /* ContentView.swift */ = {isa = PBXFileReference; lastKnownFileType = sourcecode.swift; path = ContentView.swift; sourceTree = "<group>"; };
		5EFE43912C64A0D900163C60 /* Assets.xcassets */ = {isa = PBXFileReference; lastKnownFileType = folder.assetcatalog; path = Assets.xcassets; sourceTree = "<group>"; };
		5EFE43932C64A0D900163C60 /* Starnime.entitlements */ = {isa = PBXFileReference; lastKnownFileType = text.plist.entitlements; path = Starnime.entitlements; sourceTree = "<group>"; };
		5EFE43952C64A0D900163C60 /* Preview Assets.xcassets */ = {isa = PBXFileReference; lastKnownFileType = folder.assetcatalog; path = "Preview Assets.xcassets"; sourceTree = "<group>"; };
		5EFE439B2C64A0D900163C60 /* StarnimeTests.xctest */ = {isa = PBXFileReference; explicitFileType = wrapper.cfbundle; includeInIndex = 0; path = StarnimeTests.xctest; sourceTree = BUILT_PRODUCTS_DIR; };
		5EFE439F2C64A0D900163C60 /* StarnimeTests.swift */ = {isa = PBXFileReference; lastKnownFileType = sourcecode.swift; path = StarnimeTests.swift; sourceTree = "<group>"; };
		5EFE43A52C64A0D900163C60 /* StarnimeUITests.xctest */ = {isa = PBXFileReference; explicitFileType = wrapper.cfbundle; includeInIndex = 0; path = StarnimeUITests.xctest; sourceTree = BUILT_PRODUCTS_DIR; };
		5EFE43A92C64A0D900163C60 /* StarnimeUITests.swift */ = {isa = PBXFileReference; lastKnownFileType = sourcecode.swift; path = StarnimeUITests.swift; sourceTree = "<group>"; };
		5EFE43AB2C64A0D900163C60 /* StarnimeUITestsLaunchTests.swift */ = {isa = PBXFileReference; lastKnownFileType = sourcecode.swift; path = StarnimeUITestsLaunchTests.swift; sourceTree = "<group>"; };
/* End PBXFileReference section */

/* Begin PBXFrameworksBuildPhase section */
		5EFE43872C64A0D800163C60 /* Frameworks */ = {
			isa = PBXFrameworksBuildPhase;
			buildActionMask = 2147483647;
			files = (
			);
			runOnlyForDeploymentPostprocessing = 0;
		};
		5EFE43982C64A0D900163C60 /* Frameworks */ = {
			isa = PBXFrameworksBuildPhase;
			buildActionMask = 2147483647;
			files = (
			);
			runOnlyForDeploymentPostprocessing = 0;
		};
		5EFE43A22C64A0D900163C60 /* Frameworks */ = {
			isa = PBXFrameworksBuildPhase;
			buildActionMask = 2147483647;
			files = (
			);
			runOnlyForDeploymentPostprocessing = 0;
		};
/* End PBXFrameworksBuildPhase section */

/* Begin PBXGroup section */
		5E2F5C7E2C74904A007E9B2D /* Resource */ = {
			isa = PBXGroup;
			children = (
				5EFE43912C64A0D900163C60 /* Assets.xcassets */,
				5E2F5C832C7491DC007E9B2D /* Settings.bundle */,
			);
			path = Resource;
			sourceTree = "<group>";
		};
		5E40B2372D817D2000651E29 /* Components */ = {
			isa = PBXGroup;
			children = (
				5E40B2382D817D5B00651E29 /* CenteredContainer.swift */,
			);
			path = Components;
			sourceTree = "<group>";
		};
		5E80F04B2C7595930082C2CA /* Storyboards */ = {
			isa = PBXGroup;
			children = (
				5E0781152C6E09F000D90835 /* Launch Screen.storyboard */,
			);
			path = Storyboards;
			sourceTree = "<group>";
		};
		5E94A38E2C64B77B006DF865 /* Views */ = {
			isa = PBXGroup;
			children = (
				5E40B2372D817D2000651E29 /* Components */,
				5E94A3982C64CC56006DF865 /* AnimeDetailsView.swift */,
				5E94A38F2C64B814006DF865 /* AnimeListView.swift */,
				5EF33CAD2CEC98FC0046D61D /* AnimeSearchView.swift */,
				5E2F5C7C2C747938007E9B2D /* SettingsView.swift */,
				5EE8F9192C75DD7B0050E835 /* macOS */,
				5EFE438F2C64A0D800163C60 /* ContentView.swift */,
			);
			path = Views;
			sourceTree = "<group>";
		};
		5E94A3922C64CA9B006DF865 /* Models */ = {
			isa = PBXGroup;
			children = (
				5E94A3932C64CAB0006DF865 /* Anime.swift */,
				5E8C12592C6F48AE001F3BB5 /* Seasons.swift */,
				5E4CFC752C74735C0020CA33 /* Settings.swift */,
			);
			path = Models;
			sourceTree = "<group>";
		};
		5E94A3952C64CB36006DF865 /* Networking */ = {
			isa = PBXGroup;
			children = (
				5E94A3962C64CB78006DF865 /* NetworkManager.swift */,
			);
			path = Networking;
			sourceTree = "<group>";
		};
		5EE8F9192C75DD7B0050E835 /* macOS */ = {
			isa = PBXGroup;
			children = (
				5EE8F91A2C75DE490050E835 /* AnimeListView_macOS.swift */,
			);
			path = macOS;
			sourceTree = "<group>";
		};
		5EE8F9212C772C290050E835 /* ViewModels */ = {
			isa = PBXGroup;
			children = (
				5E4FEA9F2CD51AEA00630B38 /* AnimeDetailsViewModel.swift */,
				5EE8F9222C772C580050E835 /* AnimeListViewModel.swift */,
				5EF33CAF2CEC990A0046D61D /* AnimeSearchViewModel.swift */,
			);
			path = ViewModels;
			sourceTree = "<group>";
		};
		5EFE43812C64A0D800163C60 = {
			isa = PBXGroup;
			children = (
				5EFE438C2C64A0D800163C60 /* Starnime */,
				5EFE439E2C64A0D900163C60 /* StarnimeTests */,
				5EFE43A82C64A0D900163C60 /* StarnimeUITests */,
				5EFE438B2C64A0D800163C60 /* Products */,
			);
			sourceTree = "<group>";
		};
		5EFE438B2C64A0D800163C60 /* Products */ = {
			isa = PBXGroup;
			children = (
				5EFE438A2C64A0D800163C60 /* Starnime.app */,
				5EFE439B2C64A0D900163C60 /* StarnimeTests.xctest */,
				5EFE43A52C64A0D900163C60 /* StarnimeUITests.xctest */,
			);
			name = Products;
			sourceTree = "<group>";
		};
		5EFE438C2C64A0D800163C60 /* Starnime */ = {
			isa = PBXGroup;
			children = (
				5EFE438D2C64A0D800163C60 /* StarnimeApp.swift */,
				5E94A3922C64CA9B006DF865 /* Models */,
				5E94A3952C64CB36006DF865 /* Networking */,
				5E94A38E2C64B77B006DF865 /* Views */,
				5EE8F9212C772C290050E835 /* ViewModels */,
				5E80F04B2C7595930082C2CA /* Storyboards */,
				5E2F5C7E2C74904A007E9B2D /* Resource */,
				5EFE43932C64A0D900163C60 /* Starnime.entitlements */,
				5EFE43942C64A0D900163C60 /* Preview Content */,
			);
			path = Starnime;
			sourceTree = "<group>";
		};
		5EFE43942C64A0D900163C60 /* Preview Content */ = {
			isa = PBXGroup;
			children = (
				5EFE43952C64A0D900163C60 /* Preview Assets.xcassets */,
			);
			path = "Preview Content";
			sourceTree = "<group>";
		};
		5EFE439E2C64A0D900163C60 /* StarnimeTests */ = {
			isa = PBXGroup;
			children = (
				5EFE439F2C64A0D900163C60 /* StarnimeTests.swift */,
			);
			path = StarnimeTests;
			sourceTree = "<group>";
		};
		5EFE43A82C64A0D900163C60 /* StarnimeUITests */ = {
			isa = PBXGroup;
			children = (
				5EFE43A92C64A0D900163C60 /* StarnimeUITests.swift */,
				5EFE43AB2C64A0D900163C60 /* StarnimeUITestsLaunchTests.swift */,
			);
			path = StarnimeUITests;
			sourceTree = "<group>";
		};
/* End PBXGroup section */

/* Begin PBXNativeTarget section */
		5EFE43892C64A0D800163C60 /* Starnime */ = {
			isa = PBXNativeTarget;
			buildConfigurationList = 5EFE43AF2C64A0D900163C60 /* Build configuration list for PBXNativeTarget "Starnime" */;
			buildPhases = (
				5EFE43862C64A0D800163C60 /* Sources */,
				5EFE43872C64A0D800163C60 /* Frameworks */,
				5EFE43882C64A0D800163C60 /* Resources */,
			);
			buildRules = (
			);
			dependencies = (
			);
			name = Starnime;
			productName = Starnime;
			productReference = 5EFE438A2C64A0D800163C60 /* Starnime.app */;
			productType = "com.apple.product-type.application";
		};
		5EFE439A2C64A0D900163C60 /* StarnimeTests */ = {
			isa = PBXNativeTarget;
			buildConfigurationList = 5EFE43B22C64A0D900163C60 /* Build configuration list for PBXNativeTarget "StarnimeTests" */;
			buildPhases = (
				5EFE43972C64A0D900163C60 /* Sources */,
				5EFE43982C64A0D900163C60 /* Frameworks */,
				5EFE43992C64A0D900163C60 /* Resources */,
			);
			buildRules = (
			);
			dependencies = (
				5EFE439D2C64A0D900163C60 /* PBXTargetDependency */,
			);
			name = StarnimeTests;
			productName = StarnimeTests;
			productReference = 5EFE439B2C64A0D900163C60 /* StarnimeTests.xctest */;
			productType = "com.apple.product-type.bundle.unit-test";
		};
		5EFE43A42C64A0D900163C60 /* StarnimeUITests */ = {
			isa = PBXNativeTarget;
			buildConfigurationList = 5EFE43B52C64A0D900163C60 /* Build configuration list for PBXNativeTarget "StarnimeUITests" */;
			buildPhases = (
				5EFE43A12C64A0D900163C60 /* Sources */,
				5EFE43A22C64A0D900163C60 /* Frameworks */,
				5EFE43A32C64A0D900163C60 /* Resources */,
			);
			buildRules = (
			);
			dependencies = (
				5EFE43A72C64A0D900163C60 /* PBXTargetDependency */,
			);
			name = StarnimeUITests;
			productName = StarnimeUITests;
			productReference = 5EFE43A52C64A0D900163C60 /* StarnimeUITests.xctest */;
			productType = "com.apple.product-type.bundle.ui-testing";
		};
/* End PBXNativeTarget section */

/* Begin PBXProject section */
		5EFE43822C64A0D800163C60 /* Project object */ = {
			isa = PBXProject;
			attributes = {
				BuildIndependentTargetsInParallel = 1;
				LastSwiftUpdateCheck = 1540;
				LastUpgradeCheck = 1610;
				TargetAttributes = {
					5EFE43892C64A0D800163C60 = {
						CreatedOnToolsVersion = 15.4;
					};
					5EFE439A2C64A0D900163C60 = {
						CreatedOnToolsVersion = 15.4;
						TestTargetID = 5EFE43892C64A0D800163C60;
					};
					5EFE43A42C64A0D900163C60 = {
						CreatedOnToolsVersion = 15.4;
						TestTargetID = 5EFE43892C64A0D800163C60;
					};
				};
			};
			buildConfigurationList = 5EFE43852C64A0D800163C60 /* Build configuration list for PBXProject "Starnime" */;
			compatibilityVersion = "Xcode 14.0";
			developmentRegion = en;
			hasScannedForEncodings = 0;
			knownRegions = (
				en,
				Base,
			);
			mainGroup = 5EFE43812C64A0D800163C60;
			productRefGroup = 5EFE438B2C64A0D800163C60 /* Products */;
			projectDirPath = "";
			projectRoot = "";
			targets = (
				5EFE43892C64A0D800163C60 /* Starnime */,
				5EFE439A2C64A0D900163C60 /* StarnimeTests */,
				5EFE43A42C64A0D900163C60 /* StarnimeUITests */,
			);
		};
/* End PBXProject section */

/* Begin PBXResourcesBuildPhase section */
		5EFE43882C64A0D800163C60 /* Resources */ = {
			isa = PBXResourcesBuildPhase;
			buildActionMask = 2147483647;
			files = (
				5E2F5C842C7491DC007E9B2D /* Settings.bundle in Resources */,
				5E0781162C6E09F000D90835 /* Launch Screen.storyboard in Resources */,
				5EFE43962C64A0D900163C60 /* Preview Assets.xcassets in Resources */,
				5EFE43922C64A0D900163C60 /* Assets.xcassets in Resources */,
			);
			runOnlyForDeploymentPostprocessing = 0;
		};
		5EFE43992C64A0D900163C60 /* Resources */ = {
			isa = PBXResourcesBuildPhase;
			buildActionMask = 2147483647;
			files = (
			);
			runOnlyForDeploymentPostprocessing = 0;
		};
		5EFE43A32C64A0D900163C60 /* Resources */ = {
			isa = PBXResourcesBuildPhase;
			buildActionMask = 2147483647;
			files = (
			);
			runOnlyForDeploymentPostprocessing = 0;
		};
/* End PBXResourcesBuildPhase section */

/* Begin PBXSourcesBuildPhase section */
		5EFE43862C64A0D800163C60 /* Sources */ = {
			isa = PBXSourcesBuildPhase;
			buildActionMask = 2147483647;
			files = (
				5E94A3942C64CAB0006DF865 /* Anime.swift in Sources */,
				5EE8F9232C772C580050E835 /* AnimeListViewModel.swift in Sources */,
				5E94A3902C64B814006DF865 /* AnimeListView.swift in Sources */,
				5EF33CB02CEC990A0046D61D /* AnimeSearchViewModel.swift in Sources */,
				5E94A3972C64CB78006DF865 /* NetworkManager.swift in Sources */,
				5E8C125A2C6F48AE001F3BB5 /* Seasons.swift in Sources */,
				5E2F5C7D2C747938007E9B2D /* SettingsView.swift in Sources */,
				5E94A3992C64CC56006DF865 /* AnimeDetailsView.swift in Sources */,
				5EE8F91B2C75DE490050E835 /* AnimeListView_macOS.swift in Sources */,
				5E4CFC762C74735C0020CA33 /* Settings.swift in Sources */,
				5EFE43902C64A0D800163C60 /* ContentView.swift in Sources */,
				5E4FEAA02CD51AEA00630B38 /* AnimeDetailsViewModel.swift in Sources */,
				5E40B2392D817D5B00651E29 /* CenteredContainer.swift in Sources */,
				5EFE438E2C64A0D800163C60 /* StarnimeApp.swift in Sources */,
				5EF33CAE2CEC98FC0046D61D /* AnimeSearchView.swift in Sources */,
			);
			runOnlyForDeploymentPostprocessing = 0;
		};
		5EFE43972C64A0D900163C60 /* Sources */ = {
			isa = PBXSourcesBuildPhase;
			buildActionMask = 2147483647;
			files = (
				5EFE43A02C64A0D900163C60 /* StarnimeTests.swift in Sources */,
			);
			runOnlyForDeploymentPostprocessing = 0;
		};
		5EFE43A12C64A0D900163C60 /* Sources */ = {
			isa = PBXSourcesBuildPhase;
			buildActionMask = 2147483647;
			files = (
				5EFE43AC2C64A0D900163C60 /* StarnimeUITestsLaunchTests.swift in Sources */,
				5EFE43AA2C64A0D900163C60 /* StarnimeUITests.swift in Sources */,
			);
			runOnlyForDeploymentPostprocessing = 0;
		};
/* End PBXSourcesBuildPhase section */

/* Begin PBXTargetDependency section */
		5EFE439D2C64A0D900163C60 /* PBXTargetDependency */ = {
			isa = PBXTargetDependency;
			target = 5EFE43892C64A0D800163C60 /* Starnime */;
			targetProxy = 5EFE439C2C64A0D900163C60 /* PBXContainerItemProxy */;
		};
		5EFE43A72C64A0D900163C60 /* PBXTargetDependency */ = {
			isa = PBXTargetDependency;
			target = 5EFE43892C64A0D800163C60 /* Starnime */;
			targetProxy = 5EFE43A62C64A0D900163C60 /* PBXContainerItemProxy */;
		};
/* End PBXTargetDependency section */

/* Begin XCBuildConfiguration section */
		5EFE43AD2C64A0D900163C60 /* Debug */ = {
			isa = XCBuildConfiguration;
			buildSettings = {
				ALWAYS_SEARCH_USER_PATHS = NO;
				ASSETCATALOG_COMPILER_GENERATE_SWIFT_ASSET_SYMBOL_EXTENSIONS = YES;
				CLANG_ANALYZER_NONNULL = YES;
				CLANG_ANALYZER_NUMBER_OBJECT_CONVERSION = YES_AGGRESSIVE;
				CLANG_CXX_LANGUAGE_STANDARD = "gnu++20";
				CLANG_ENABLE_MODULES = YES;
				CLANG_ENABLE_OBJC_ARC = YES;
				CLANG_ENABLE_OBJC_WEAK = YES;
				CLANG_WARN_BLOCK_CAPTURE_AUTORELEASING = YES;
				CLANG_WARN_BOOL_CONVERSION = YES;
				CLANG_WARN_COMMA = YES;
				CLANG_WARN_CONSTANT_CONVERSION = YES;
				CLANG_WARN_DEPRECATED_OBJC_IMPLEMENTATIONS = YES;
				CLANG_WARN_DIRECT_OBJC_ISA_USAGE = YES_ERROR;
				CLANG_WARN_DOCUMENTATION_COMMENTS = YES;
				CLANG_WARN_EMPTY_BODY = YES;
				CLANG_WARN_ENUM_CONVERSION = YES;
				CLANG_WARN_INFINITE_RECURSION = YES;
				CLANG_WARN_INT_CONVERSION = YES;
				CLANG_WARN_NON_LITERAL_NULL_CONVERSION = YES;
				CLANG_WARN_OBJC_IMPLICIT_RETAIN_SELF = YES;
				CLANG_WARN_OBJC_LITERAL_CONVERSION = YES;
				CLANG_WARN_OBJC_ROOT_CLASS = YES_ERROR;
				CLANG_WARN_QUOTED_INCLUDE_IN_FRAMEWORK_HEADER = YES;
				CLANG_WARN_RANGE_LOOP_ANALYSIS = YES;
				CLANG_WARN_STRICT_PROTOTYPES = YES;
				CLANG_WARN_SUSPICIOUS_MOVE = YES;
				CLANG_WARN_UNGUARDED_AVAILABILITY = YES_AGGRESSIVE;
				CLANG_WARN_UNREACHABLE_CODE = YES;
				CLANG_WARN__DUPLICATE_METHOD_MATCH = YES;
				COPY_PHASE_STRIP = NO;
				DEAD_CODE_STRIPPING = YES;
				DEBUG_INFORMATION_FORMAT = dwarf;
				ENABLE_STRICT_OBJC_MSGSEND = YES;
				ENABLE_TESTABILITY = YES;
				ENABLE_USER_SCRIPT_SANDBOXING = YES;
				GCC_C_LANGUAGE_STANDARD = gnu17;
				GCC_DYNAMIC_NO_PIC = NO;
				GCC_NO_COMMON_BLOCKS = YES;
				GCC_OPTIMIZATION_LEVEL = 0;
				GCC_PREPROCESSOR_DEFINITIONS = (
					"DEBUG=1",
					"$(inherited)",
				);
				GCC_WARN_64_TO_32_BIT_CONVERSION = YES;
				GCC_WARN_ABOUT_RETURN_TYPE = YES_ERROR;
				GCC_WARN_UNDECLARED_SELECTOR = YES;
				GCC_WARN_UNINITIALIZED_AUTOS = YES_AGGRESSIVE;
				GCC_WARN_UNUSED_FUNCTION = YES;
				GCC_WARN_UNUSED_VARIABLE = YES;
				LOCALIZATION_PREFERS_STRING_CATALOGS = YES;
				MTL_ENABLE_DEBUG_INFO = INCLUDE_SOURCE;
				MTL_FAST_MATH = YES;
				ONLY_ACTIVE_ARCH = YES;
				SWIFT_ACTIVE_COMPILATION_CONDITIONS = "DEBUG $(inherited)";
				SWIFT_OPTIMIZATION_LEVEL = "-Onone";
				SWIFT_VERSION = 6.0;
			};
			name = Debug;
		};
		5EFE43AE2C64A0D900163C60 /* Release */ = {
			isa = XCBuildConfiguration;
			buildSettings = {
				ALWAYS_SEARCH_USER_PATHS = NO;
				ASSETCATALOG_COMPILER_GENERATE_SWIFT_ASSET_SYMBOL_EXTENSIONS = YES;
				CLANG_ANALYZER_NONNULL = YES;
				CLANG_ANALYZER_NUMBER_OBJECT_CONVERSION = YES_AGGRESSIVE;
				CLANG_CXX_LANGUAGE_STANDARD = "gnu++20";
				CLANG_ENABLE_MODULES = YES;
				CLANG_ENABLE_OBJC_ARC = YES;
				CLANG_ENABLE_OBJC_WEAK = YES;
				CLANG_WARN_BLOCK_CAPTURE_AUTORELEASING = YES;
				CLANG_WARN_BOOL_CONVERSION = YES;
				CLANG_WARN_COMMA = YES;
				CLANG_WARN_CONSTANT_CONVERSION = YES;
				CLANG_WARN_DEPRECATED_OBJC_IMPLEMENTATIONS = YES;
				CLANG_WARN_DIRECT_OBJC_ISA_USAGE = YES_ERROR;
				CLANG_WARN_DOCUMENTATION_COMMENTS = YES;
				CLANG_WARN_EMPTY_BODY = YES;
				CLANG_WARN_ENUM_CONVERSION = YES;
				CLANG_WARN_INFINITE_RECURSION = YES;
				CLANG_WARN_INT_CONVERSION = YES;
				CLANG_WARN_NON_LITERAL_NULL_CONVERSION = YES;
				CLANG_WARN_OBJC_IMPLICIT_RETAIN_SELF = YES;
				CLANG_WARN_OBJC_LITERAL_CONVERSION = YES;
				CLANG_WARN_OBJC_ROOT_CLASS = YES_ERROR;
				CLANG_WARN_QUOTED_INCLUDE_IN_FRAMEWORK_HEADER = YES;
				CLANG_WARN_RANGE_LOOP_ANALYSIS = YES;
				CLANG_WARN_STRICT_PROTOTYPES = YES;
				CLANG_WARN_SUSPICIOUS_MOVE = YES;
				CLANG_WARN_UNGUARDED_AVAILABILITY = YES_AGGRESSIVE;
				CLANG_WARN_UNREACHABLE_CODE = YES;
				CLANG_WARN__DUPLICATE_METHOD_MATCH = YES;
				COPY_PHASE_STRIP = NO;
				DEAD_CODE_STRIPPING = YES;
				DEBUG_INFORMATION_FORMAT = "dwarf-with-dsym";
				ENABLE_NS_ASSERTIONS = NO;
				ENABLE_STRICT_OBJC_MSGSEND = YES;
				ENABLE_USER_SCRIPT_SANDBOXING = YES;
				GCC_C_LANGUAGE_STANDARD = gnu17;
				GCC_NO_COMMON_BLOCKS = YES;
				GCC_WARN_64_TO_32_BIT_CONVERSION = YES;
				GCC_WARN_ABOUT_RETURN_TYPE = YES_ERROR;
				GCC_WARN_UNDECLARED_SELECTOR = YES;
				GCC_WARN_UNINITIALIZED_AUTOS = YES_AGGRESSIVE;
				GCC_WARN_UNUSED_FUNCTION = YES;
				GCC_WARN_UNUSED_VARIABLE = YES;
				LOCALIZATION_PREFERS_STRING_CATALOGS = YES;
				MTL_ENABLE_DEBUG_INFO = NO;
				MTL_FAST_MATH = YES;
				SWIFT_COMPILATION_MODE = wholemodule;
				SWIFT_VERSION = 6.0;
			};
			name = Release;
		};
		5EFE43B02C64A0D900163C60 /* Debug */ = {
			isa = XCBuildConfiguration;
			buildSettings = {
				ALLOW_TARGET_PLATFORM_SPECIALIZATION = YES;
				ASSETCATALOG_COMPILER_APPICON_NAME = AppIcon;
				ASSETCATALOG_COMPILER_GLOBAL_ACCENT_COLOR_NAME = AccentColor;
				CODE_SIGN_ENTITLEMENTS = Starnime/Starnime.entitlements;
				CODE_SIGN_STYLE = Automatic;
				CURRENT_PROJECT_VERSION = 1;
				DEAD_CODE_STRIPPING = YES;
				DEVELOPMENT_ASSET_PATHS = "\"Starnime/Preview Content\"";
				DEVELOPMENT_TEAM = CLP4UXNA62;
				ENABLE_HARDENED_RUNTIME = YES;
				ENABLE_PREVIEWS = YES;
				GENERATE_INFOPLIST_FILE = YES;
				INFOPLIST_KEY_LSApplicationCategoryType = "public.app-category.entertainment";
				"INFOPLIST_KEY_UIApplicationSceneManifest_Generation[sdk=iphoneos*]" = YES;
				"INFOPLIST_KEY_UIApplicationSceneManifest_Generation[sdk=iphonesimulator*]" = YES;
				"INFOPLIST_KEY_UIApplicationSupportsIndirectInputEvents[sdk=iphoneos*]" = YES;
				"INFOPLIST_KEY_UIApplicationSupportsIndirectInputEvents[sdk=iphonesimulator*]" = YES;
				"INFOPLIST_KEY_UILaunchScreen_Generation[sdk=iphoneos*]" = YES;
				"INFOPLIST_KEY_UILaunchScreen_Generation[sdk=iphonesimulator*]" = YES;
				INFOPLIST_KEY_UILaunchStoryboardName = "Launch Screen.storyboard";
				"INFOPLIST_KEY_UIStatusBarStyle[sdk=iphoneos*]" = UIStatusBarStyleDefault;
				"INFOPLIST_KEY_UIStatusBarStyle[sdk=iphonesimulator*]" = UIStatusBarStyleDefault;
				INFOPLIST_KEY_UISupportedInterfaceOrientations = "UIInterfaceOrientationLandscapeLeft UIInterfaceOrientationLandscapeRight UIInterfaceOrientationPortrait";
				INFOPLIST_KEY_UISupportedInterfaceOrientations_iPad = "UIInterfaceOrientationLandscapeLeft UIInterfaceOrientationLandscapeRight UIInterfaceOrientationPortrait UIInterfaceOrientationPortraitUpsideDown";
				IPHONEOS_DEPLOYMENT_TARGET = 18.1;
				LD_RUNPATH_SEARCH_PATHS = "@executable_path/Frameworks";
				"LD_RUNPATH_SEARCH_PATHS[sdk=macosx*]" = "@executable_path/../Frameworks";
				MACOSX_DEPLOYMENT_TARGET = 15.1;
				MARKETING_VERSION = 1.0;
				PRODUCT_BUNDLE_IDENTIFIER = com.starsng.Starnime;
				PRODUCT_NAME = "$(TARGET_NAME)";
				SDKROOT = auto;
				SUPPORTED_PLATFORMS = "xrsimulator xros watchsimulator watchos macosx iphonesimulator iphoneos driverkit appletvsimulator appletvos";
				SUPPORTS_MACCATALYST = YES;
				SWIFT_EMIT_LOC_STRINGS = YES;
				SWIFT_VERSION = 6.0;
				TARGETED_DEVICE_FAMILY = "1,2";
			};
			name = Debug;
		};
		5EFE43B12C64A0D900163C60 /* Release */ = {
			isa = XCBuildConfiguration;
			buildSettings = {
				ALLOW_TARGET_PLATFORM_SPECIALIZATION = YES;
				ASSETCATALOG_COMPILER_APPICON_NAME = AppIcon;
				ASSETCATALOG_COMPILER_GLOBAL_ACCENT_COLOR_NAME = AccentColor;
				CODE_SIGN_ENTITLEMENTS = Starnime/Starnime.entitlements;
				CODE_SIGN_STYLE = Automatic;
				CURRENT_PROJECT_VERSION = 1;
				DEAD_CODE_STRIPPING = YES;
				DEVELOPMENT_ASSET_PATHS = "\"Starnime/Preview Content\"";
				DEVELOPMENT_TEAM = CLP4UXNA62;
				ENABLE_HARDENED_RUNTIME = YES;
				ENABLE_PREVIEWS = YES;
				GENERATE_INFOPLIST_FILE = YES;
				INFOPLIST_KEY_LSApplicationCategoryType = "public.app-category.entertainment";
				"INFOPLIST_KEY_UIApplicationSceneManifest_Generation[sdk=iphoneos*]" = YES;
				"INFOPLIST_KEY_UIApplicationSceneManifest_Generation[sdk=iphonesimulator*]" = YES;
				"INFOPLIST_KEY_UIApplicationSupportsIndirectInputEvents[sdk=iphoneos*]" = YES;
				"INFOPLIST_KEY_UIApplicationSupportsIndirectInputEvents[sdk=iphonesimulator*]" = YES;
				"INFOPLIST_KEY_UILaunchScreen_Generation[sdk=iphoneos*]" = YES;
				"INFOPLIST_KEY_UILaunchScreen_Generation[sdk=iphonesimulator*]" = YES;
				INFOPLIST_KEY_UILaunchStoryboardName = "Launch Screen.storyboard";
				"INFOPLIST_KEY_UIStatusBarStyle[sdk=iphoneos*]" = UIStatusBarStyleDefault;
				"INFOPLIST_KEY_UIStatusBarStyle[sdk=iphonesimulator*]" = UIStatusBarStyleDefault;
				INFOPLIST_KEY_UISupportedInterfaceOrientations = "UIInterfaceOrientationLandscapeLeft UIInterfaceOrientationLandscapeRight UIInterfaceOrientationPortrait";
				INFOPLIST_KEY_UISupportedInterfaceOrientations_iPad = "UIInterfaceOrientationLandscapeLeft UIInterfaceOrientationLandscapeRight UIInterfaceOrientationPortrait UIInterfaceOrientationPortraitUpsideDown";
				IPHONEOS_DEPLOYMENT_TARGET = 18.1;
				LD_RUNPATH_SEARCH_PATHS = "@executable_path/Frameworks";
				"LD_RUNPATH_SEARCH_PATHS[sdk=macosx*]" = "@executable_path/../Frameworks";
				MACOSX_DEPLOYMENT_TARGET = 15.1;
				MARKETING_VERSION = 1.0;
				PRODUCT_BUNDLE_IDENTIFIER = com.starsng.Starnime;
				PRODUCT_NAME = "$(TARGET_NAME)";
				SDKROOT = auto;
				SUPPORTED_PLATFORMS = "xrsimulator xros watchsimulator watchos macosx iphonesimulator iphoneos driverkit appletvsimulator appletvos";
				SUPPORTS_MACCATALYST = YES;
				SWIFT_EMIT_LOC_STRINGS = YES;
				SWIFT_VERSION = 6.0;
				TARGETED_DEVICE_FAMILY = "1,2";
			};
			name = Release;
		};
		5EFE43B32C64A0D900163C60 /* Debug */ = {
			isa = XCBuildConfiguration;
			buildSettings = {
				BUNDLE_LOADER = "$(TEST_HOST)";
				CODE_SIGN_STYLE = Automatic;
				CURRENT_PROJECT_VERSION = 1;
				DEAD_CODE_STRIPPING = YES;
				DEVELOPMENT_TEAM = CLP4UXNA62;
				GENERATE_INFOPLIST_FILE = YES;
				IPHONEOS_DEPLOYMENT_TARGET = 18.1;
				MACOSX_DEPLOYMENT_TARGET = 15.1;
				MARKETING_VERSION = 1.0;
				PRODUCT_BUNDLE_IDENTIFIER = com.starsng.StarnimeTests;
				PRODUCT_NAME = "$(TARGET_NAME)";
				SDKROOT = auto;
				SUPPORTED_PLATFORMS = "iphoneos iphonesimulator macosx";
				SWIFT_EMIT_LOC_STRINGS = NO;
				SWIFT_VERSION = 6.0;
				TARGETED_DEVICE_FAMILY = "1,2";
				TEST_HOST = "$(BUILT_PRODUCTS_DIR)/Starnime.app/$(BUNDLE_EXECUTABLE_FOLDER_PATH)/Starnime";
			};
			name = Debug;
		};
		5EFE43B42C64A0D900163C60 /* Release */ = {
			isa = XCBuildConfiguration;
			buildSettings = {
				BUNDLE_LOADER = "$(TEST_HOST)";
				CODE_SIGN_STYLE = Automatic;
				CURRENT_PROJECT_VERSION = 1;
				DEAD_CODE_STRIPPING = YES;
				DEVELOPMENT_TEAM = CLP4UXNA62;
				GENERATE_INFOPLIST_FILE = YES;
				IPHONEOS_DEPLOYMENT_TARGET = 18.1;
				MACOSX_DEPLOYMENT_TARGET = 15.1;
				MARKETING_VERSION = 1.0;
				PRODUCT_BUNDLE_IDENTIFIER = com.starsng.StarnimeTests;
				PRODUCT_NAME = "$(TARGET_NAME)";
				SDKROOT = auto;
				SUPPORTED_PLATFORMS = "iphoneos iphonesimulator macosx";
				SWIFT_EMIT_LOC_STRINGS = NO;
				SWIFT_VERSION = 6.0;
				TARGETED_DEVICE_FAMILY = "1,2";
				TEST_HOST = "$(BUILT_PRODUCTS_DIR)/Starnime.app/$(BUNDLE_EXECUTABLE_FOLDER_PATH)/Starnime";
			};
			name = Release;
		};
		5EFE43B62C64A0D900163C60 /* Debug */ = {
			isa = XCBuildConfiguration;
			buildSettings = {
				CODE_SIGN_STYLE = Automatic;
				CURRENT_PROJECT_VERSION = 1;
				DEAD_CODE_STRIPPING = YES;
				DEVELOPMENT_TEAM = CLP4UXNA62;
				GENERATE_INFOPLIST_FILE = YES;
				IPHONEOS_DEPLOYMENT_TARGET = 18.1;
				MACOSX_DEPLOYMENT_TARGET = 15.1;
				MARKETING_VERSION = 1.0;
				PRODUCT_BUNDLE_IDENTIFIER = com.starsng.StarnimeUITests;
				PRODUCT_NAME = "$(TARGET_NAME)";
				SDKROOT = auto;
				SUPPORTED_PLATFORMS = "iphoneos iphonesimulator macosx";
				SWIFT_EMIT_LOC_STRINGS = NO;
				SWIFT_VERSION = 6.0;
				TARGETED_DEVICE_FAMILY = "1,2";
				TEST_TARGET_NAME = Starnime;
			};
			name = Debug;
		};
		5EFE43B72C64A0D900163C60 /* Release */ = {
			isa = XCBuildConfiguration;
			buildSettings = {
				CODE_SIGN_STYLE = Automatic;
				CURRENT_PROJECT_VERSION = 1;
				DEAD_CODE_STRIPPING = YES;
				DEVELOPMENT_TEAM = CLP4UXNA62;
				GENERATE_INFOPLIST_FILE = YES;
				IPHONEOS_DEPLOYMENT_TARGET = 18.1;
				MACOSX_DEPLOYMENT_TARGET = 15.1;
				MARKETING_VERSION = 1.0;
				PRODUCT_BUNDLE_IDENTIFIER = com.starsng.StarnimeUITests;
				PRODUCT_NAME = "$(TARGET_NAME)";
				SDKROOT = auto;
				SUPPORTED_PLATFORMS = "iphoneos iphonesimulator macosx";
				SWIFT_EMIT_LOC_STRINGS = NO;
				SWIFT_VERSION = 6.0;
				TARGETED_DEVICE_FAMILY = "1,2";
				TEST_TARGET_NAME = Starnime;
			};
			name = Release;
		};
/* End XCBuildConfiguration section */

/* Begin XCConfigurationList section */
		5EFE43852C64A0D800163C60 /* Build configuration list for PBXProject "Starnime" */ = {
			isa = XCConfigurationList;
			buildConfigurations = (
				5EFE43AD2C64A0D900163C60 /* Debug */,
				5EFE43AE2C64A0D900163C60 /* Release */,
			);
			defaultConfigurationIsVisible = 0;
			defaultConfigurationName = Release;
		};
		5EFE43AF2C64A0D900163C60 /* Build configuration list for PBXNativeTarget "Starnime" */ = {
			isa = XCConfigurationList;
			buildConfigurations = (
				5EFE43B02C64A0D900163C60 /* Debug */,
				5EFE43B12C64A0D900163C60 /* Release */,
			);
			defaultConfigurationIsVisible = 0;
			defaultConfigurationName = Release;
		};
		5EFE43B22C64A0D900163C60 /* Build configuration list for PBXNativeTarget "StarnimeTests" */ = {
			isa = XCConfigurationList;
			buildConfigurations = (
				5EFE43B32C64A0D900163C60 /* Debug */,
				5EFE43B42C64A0D900163C60 /* Release */,
			);
			defaultConfigurationIsVisible = 0;
			defaultConfigurationName = Release;
		};
		5EFE43B52C64A0D900163C60 /* Build configuration list for PBXNativeTarget "StarnimeUITests" */ = {
			isa = XCConfigurationList;
			buildConfigurations = (
				5EFE43B62C64A0D900163C60 /* Debug */,
				5EFE43B72C64A0D900163C60 /* Release */,
			);
			defaultConfigurationIsVisible = 0;
			defaultConfigurationName = Release;
		};
/* End XCConfigurationList section */
	};
	rootObject = 5EFE43822C64A0D800163C60 /* Project object */;
}
